
Microsoft Visual Studio Solution File, Format Version 12.00
# Visual Studio Version 16
VisualStudioVersion = 16.0.29926.136
MinimumVisualStudioVersion = 10.0.40219.1
Project("{9A19103F-16F7-4668-BE54-9A1E7A4F7556}") = "Swordfish.NET.Collections", "Swordfish.NET.Collections\Swordfish.NET.Collections.csproj", "{F2E1680E-1B15-4CF2-BAB0-54B8C8F6ABDF}"
EndProject
Project("{9A19103F-16F7-4668-BE54-9A1E7A4F7556}") = "Swordfish.NET.CollectionsV3", "Swordfish.NET.CollectionsV3\Swordfish.NET.CollectionsV3.csproj", "{F81DCC72-46A8-4EFE-AA39-13C7F1FA129B}"
EndProject
Project("{2150E333-8FDC-42A3-9474-1A3956D46DE8}") = "ExamplesAndTests", "ExamplesAndTests", "{CEF5CE51-FB33-4634-A168-7CAD4505FFF6}"
EndProject
Project("{9A19103F-16F7-4668-BE54-9A1E7A4F7556}") = "BigCsvFileViewer", "ExamplesAndTests\BigCsvFileViewer\BigCsvFileViewer.csproj", "{974C23F3-A63D-479E-A1CD-7657A2822ACB}"
EndProject
Project("{9A19103F-16F7-4668-BE54-9A1E7A4F7556}") = "Swordfish.NET.Test", "ExamplesAndTests\Swordfish.NET.Test\Swordfish.NET.Test.csproj", "{9A04D222-2B52-4E93-9B92-CC6EF54D5848}"
EndProject
Project("{9A19103F-16F7-4668-BE54-9A1E7A4F7556}") = "Swordfish.NET.TestV3", "ExamplesAndTests\Swordfish.NET.TestV3\Swordfish.NET.TestV3.csproj", "{844232DB-E29B-4608-BB1E-A64D541DF107}"
EndProject
Project("{9A19103F-16F7-4668-BE54-9A1E7A4F7556}") = "EditableDataGridTest", "ExamplesAndTests\EditableDataGridTest\EditableDataGridTest.csproj", "{D3C41078-CAE0-4581-B246-91343817E59C}"
EndProject
Project("{2150E333-8FDC-42A3-9474-1A3956D46DE8}") = "Solution Items", "Solution Items", "{F612E4C5-2FA3-4F69-9770-09ABCBFFF88A}"
	ProjectSection(SolutionItems) = preProject
		.editorconfig = .editorconfig
		README.md = README.md
	EndProjectSection
EndProject
Project("{9A19103F-16F7-4668-BE54-9A1E7A4F7556}") = "Swordfish.NET.UnitTestV3", "ExamplesAndTests\Swordfish.NET.UnitTestV3\Swordfish.NET.UnitTestV3.csproj", "{F68915F3-6D08-4171-9E66-7BEB6B1D3C30}"
EndProject
Project("{9A19103F-16F7-4668-BE54-9A1E7A4F7556}") = "DGGroupSortFilterExampleConcurrent", "ExamplesAndTests\DGGroupSortFilterExampleConcurrent\DGGroupSortFilterExampleConcurrent.csproj", "{9E623ADE-B634-4BE5-AEB5-3543F08CCC5B}"
EndProject
Project("{9A19103F-16F7-4668-BE54-9A1E7A4F7556}") = "DGGroupSortFilterExampleNormal", "ExamplesAndTests\DGGroupSortFilterExampleNormal\DGGroupSortFilterExampleNormal.csproj", "{86A7ECEC-4EA9-4FA8-AF07-4D4B9A5E3CD4}"
EndProject
Project("{9A19103F-16F7-4668-BE54-9A1E7A4F7556}") = "DataGridGroupSortFilterUltimateExample", "ExamplesAndTests\DataGridGroupSortFilterUltimateExample\DataGridGroupSortFilterUltimateExample.csproj", "{BA119134-A2E8-4165-B38A-65EE43F6070C}"
EndProject
Global
	GlobalSection(SolutionConfigurationPlatforms) = preSolution
		Debug|Any CPU = Debug|Any CPU
		Debug|x64 = Debug|x64
		Debug|x86 = Debug|x86
		Release|Any CPU = Release|Any CPU
		Release|x64 = Release|x64
		Release|x86 = Release|x86
	EndGlobalSection
	GlobalSection(ProjectConfigurationPlatforms) = postSolution
		{F2E1680E-1B15-4CF2-BAB0-54B8C8F6ABDF}.Debug|Any CPU.ActiveCfg = Debug|Any CPU
		{F2E1680E-1B15-4CF2-BAB0-54B8C8F6ABDF}.Debug|Any CPU.Build.0 = Debug|Any CPU
		{F2E1680E-1B15-4CF2-BAB0-54B8C8F6ABDF}.Debug|x64.ActiveCfg = Debug|Any CPU
		{F2E1680E-1B15-4CF2-BAB0-54B8C8F6ABDF}.Debug|x64.Build.0 = Debug|Any CPU
		{F2E1680E-1B15-4CF2-BAB0-54B8C8F6ABDF}.Debug|x86.ActiveCfg = Debug|Any CPU
		{F2E1680E-1B15-4CF2-BAB0-54B8C8F6ABDF}.Debug|x86.Build.0 = Debug|Any CPU
		{F2E1680E-1B15-4CF2-BAB0-54B8C8F6ABDF}.Release|Any CPU.ActiveCfg = Release|Any CPU
		{F2E1680E-1B15-4CF2-BAB0-54B8C8F6ABDF}.Release|Any CPU.Build.0 = Release|Any CPU
		{F2E1680E-1B15-4CF2-BAB0-54B8C8F6ABDF}.Release|x64.ActiveCfg = Release|Any CPU
		{F2E1680E-1B15-4CF2-BAB0-54B8C8F6ABDF}.Release|x64.Build.0 = Release|Any CPU
		{F2E1680E-1B15-4CF2-BAB0-54B8C8F6ABDF}.Release|x86.ActiveCfg = Release|Any CPU
		{F2E1680E-1B15-4CF2-BAB0-54B8C8F6ABDF}.Release|x86.Build.0 = Release|Any CPU
		{F81DCC72-46A8-4EFE-AA39-13C7F1FA129B}.Debug|Any CPU.ActiveCfg = Debug|Any CPU
		{F81DCC72-46A8-4EFE-AA39-13C7F1FA129B}.Debug|Any CPU.Build.0 = Debug|Any CPU
		{F81DCC72-46A8-4EFE-AA39-13C7F1FA129B}.Debug|x64.ActiveCfg = Debug|Any CPU
		{F81DCC72-46A8-4EFE-AA39-13C7F1FA129B}.Debug|x64.Build.0 = Debug|Any CPU
		{F81DCC72-46A8-4EFE-AA39-13C7F1FA129B}.Debug|x86.ActiveCfg = Debug|Any CPU
		{F81DCC72-46A8-4EFE-AA39-13C7F1FA129B}.Debug|x86.Build.0 = Debug|Any CPU
		{F81DCC72-46A8-4EFE-AA39-13C7F1FA129B}.Release|Any CPU.ActiveCfg = Release|Any CPU
		{F81DCC72-46A8-4EFE-AA39-13C7F1FA129B}.Release|Any CPU.Build.0 = Release|Any CPU
		{F81DCC72-46A8-4EFE-AA39-13C7F1FA129B}.Release|x64.ActiveCfg = Release|Any CPU
		{F81DCC72-46A8-4EFE-AA39-13C7F1FA129B}.Release|x64.Build.0 = Release|Any CPU
		{F81DCC72-46A8-4EFE-AA39-13C7F1FA129B}.Release|x86.ActiveCfg = Release|Any CPU
		{F81DCC72-46A8-4EFE-AA39-13C7F1FA129B}.Release|x86.Build.0 = Release|Any CPU
		{974C23F3-A63D-479E-A1CD-7657A2822ACB}.Debug|Any CPU.ActiveCfg = Debug|Any CPU
		{974C23F3-A63D-479E-A1CD-7657A2822ACB}.Debug|Any CPU.Build.0 = Debug|Any CPU
		{974C23F3-A63D-479E-A1CD-7657A2822ACB}.Debug|x64.ActiveCfg = Debug|Any CPU
		{974C23F3-A63D-479E-A1CD-7657A2822ACB}.Debug|x64.Build.0 = Debug|Any CPU
		{974C23F3-A63D-479E-A1CD-7657A2822ACB}.Debug|x86.ActiveCfg = Debug|Any CPU
		{974C23F3-A63D-479E-A1CD-7657A2822ACB}.Debug|x86.Build.0 = Debug|Any CPU
		{974C23F3-A63D-479E-A1CD-7657A2822ACB}.Release|Any CPU.ActiveCfg = Release|Any CPU
		{974C23F3-A63D-479E-A1CD-7657A2822ACB}.Release|Any CPU.Build.0 = Release|Any CPU
		{974C23F3-A63D-479E-A1CD-7657A2822ACB}.Release|x64.ActiveCfg = Release|Any CPU
		{974C23F3-A63D-479E-A1CD-7657A2822ACB}.Release|x64.Build.0 = Release|Any CPU
		{974C23F3-A63D-479E-A1CD-7657A2822ACB}.Release|x86.ActiveCfg = Release|Any CPU
		{974C23F3-A63D-479E-A1CD-7657A2822ACB}.Release|x86.Build.0 = Release|Any CPU
		{9A04D222-2B52-4E93-9B92-CC6EF54D5848}.Debug|Any CPU.ActiveCfg = Debug|Any CPU
		{9A04D222-2B52-4E93-9B92-CC6EF54D5848}.Debug|Any CPU.Build.0 = Debug|Any CPU
		{9A04D222-2B52-4E93-9B92-CC6EF54D5848}.Debug|x64.ActiveCfg = Debug|Any CPU
		{9A04D222-2B52-4E93-9B92-CC6EF54D5848}.Debug|x64.Build.0 = Debug|Any CPU
		{9A04D222-2B52-4E93-9B92-CC6EF54D5848}.Debug|x86.ActiveCfg = Debug|Any CPU
		{9A04D222-2B52-4E93-9B92-CC6EF54D5848}.Debug|x86.Build.0 = Debug|Any CPU
		{9A04D222-2B52-4E93-9B92-CC6EF54D5848}.Release|Any CPU.ActiveCfg = Release|Any CPU
		{9A04D222-2B52-4E93-9B92-CC6EF54D5848}.Release|Any CPU.Build.0 = Release|Any CPU
		{9A04D222-2B52-4E93-9B92-CC6EF54D5848}.Release|x64.ActiveCfg = Release|Any CPU
		{9A04D222-2B52-4E93-9B92-CC6EF54D5848}.Release|x64.Build.0 = Release|Any CPU
		{9A04D222-2B52-4E93-9B92-CC6EF54D5848}.Release|x86.ActiveCfg = Release|Any CPU
		{9A04D222-2B52-4E93-9B92-CC6EF54D5848}.Release|x86.Build.0 = Release|Any CPU
		{844232DB-E29B-4608-BB1E-A64D541DF107}.Debug|Any CPU.ActiveCfg = Debug|Any CPU
		{844232DB-E29B-4608-BB1E-A64D541DF107}.Debug|Any CPU.Build.0 = Debug|Any CPU
		{844232DB-E29B-4608-BB1E-A64D541DF107}.Debug|x64.ActiveCfg = Debug|Any CPU
		{844232DB-E29B-4608-BB1E-A64D541DF107}.Debug|x64.Build.0 = Debug|Any CPU
		{844232DB-E29B-4608-BB1E-A64D541DF107}.Debug|x86.ActiveCfg = Debug|Any CPU
		{844232DB-E29B-4608-BB1E-A64D541DF107}.Debug|x86.Build.0 = Debug|Any CPU
		{844232DB-E29B-4608-BB1E-A64D541DF107}.Release|Any CPU.ActiveCfg = Release|Any CPU
		{844232DB-E29B-4608-BB1E-A64D541DF107}.Release|Any CPU.Build.0 = Release|Any CPU
		{844232DB-E29B-4608-BB1E-A64D541DF107}.Release|x64.ActiveCfg = Release|Any CPU
		{844232DB-E29B-4608-BB1E-A64D541DF107}.Release|x64.Build.0 = Release|Any CPU
		{844232DB-E29B-4608-BB1E-A64D541DF107}.Release|x86.ActiveCfg = Release|Any CPU
		{844232DB-E29B-4608-BB1E-A64D541DF107}.Release|x86.Build.0 = Release|Any CPU
		{D3C41078-CAE0-4581-B246-91343817E59C}.Debug|Any CPU.ActiveCfg = Debug|Any CPU
		{D3C41078-CAE0-4581-B246-91343817E59C}.Debug|Any CPU.Build.0 = Debug|Any CPU
		{D3C41078-CAE0-4581-B246-91343817E59C}.Debug|x64.ActiveCfg = Debug|Any CPU
		{D3C41078-CAE0-4581-B246-91343817E59C}.Debug|x64.Build.0 = Debug|Any CPU
		{D3C41078-CAE0-4581-B246-91343817E59C}.Debug|x86.ActiveCfg = Debug|Any CPU
		{D3C41078-CAE0-4581-B246-91343817E59C}.Debug|x86.Build.0 = Debug|Any CPU
		{D3C41078-CAE0-4581-B246-91343817E59C}.Release|Any CPU.ActiveCfg = Release|Any CPU
		{D3C41078-CAE0-4581-B246-91343817E59C}.Release|Any CPU.Build.0 = Release|Any CPU
		{D3C41078-CAE0-4581-B246-91343817E59C}.Release|x64.ActiveCfg = Release|Any CPU
		{D3C41078-CAE0-4581-B246-91343817E59C}.Release|x64.Build.0 = Release|Any CPU
		{D3C41078-CAE0-4581-B246-91343817E59C}.Release|x86.ActiveCfg = Release|Any CPU
		{D3C41078-CAE0-4581-B246-91343817E59C}.Release|x86.Build.0 = Release|Any CPU
		{F68915F3-6D08-4171-9E66-7BEB6B1D3C30}.Debug|Any CPU.ActiveCfg = Debug|Any CPU
		{F68915F3-6D08-4171-9E66-7BEB6B1D3C30}.Debug|Any CPU.Build.0 = Debug|Any CPU
		{F68915F3-6D08-4171-9E66-7BEB6B1D3C30}.Debug|x64.ActiveCfg = Debug|Any CPU
		{F68915F3-6D08-4171-9E66-7BEB6B1D3C30}.Debug|x64.Build.0 = Debug|Any CPU
		{F68915F3-6D08-4171-9E66-7BEB6B1D3C30}.Debug|x86.ActiveCfg = Debug|Any CPU
		{F68915F3-6D08-4171-9E66-7BEB6B1D3C30}.Debug|x86.Build.0 = Debug|Any CPU
		{F68915F3-6D08-4171-9E66-7BEB6B1D3C30}.Release|Any CPU.ActiveCfg = Release|Any CPU
		{F68915F3-6D08-4171-9E66-7BEB6B1D3C30}.Release|Any CPU.Build.0 = Release|Any CPU
		{F68915F3-6D08-4171-9E66-7BEB6B1D3C30}.Release|x64.ActiveCfg = Release|Any CPU
		{F68915F3-6D08-4171-9E66-7BEB6B1D3C30}.Release|x64.Build.0 = Release|Any CPU
		{F68915F3-6D08-4171-9E66-7BEB6B1D3C30}.Release|x86.ActiveCfg = Release|Any CPU
		{F68915F3-6D08-4171-9E66-7BEB6B1D3C30}.Release|x86.Build.0 = Release|Any CPU
		{9E623ADE-B634-4BE5-AEB5-3543F08CCC5B}.Debug|Any CPU.ActiveCfg = Debug|Any CPU
		{9E623ADE-B634-4BE5-AEB5-3543F08CCC5B}.Debug|Any CPU.Build.0 = Debug|Any CPU
		{9E623ADE-B634-4BE5-AEB5-3543F08CCC5B}.Debug|x64.ActiveCfg = Debug|Any CPU
		{9E623ADE-B634-4BE5-AEB5-3543F08CCC5B}.Debug|x64.Build.0 = Debug|Any CPU
		{9E623ADE-B634-4BE5-AEB5-3543F08CCC5B}.Debug|x86.ActiveCfg = Debug|Any CPU
		{9E623ADE-B634-4BE5-AEB5-3543F08CCC5B}.Debug|x86.Build.0 = Debug|Any CPU
		{9E623ADE-B634-4BE5-AEB5-3543F08CCC5B}.Release|Any CPU.ActiveCfg = Release|Any CPU
		{9E623ADE-B634-4BE5-AEB5-3543F08CCC5B}.Release|Any CPU.Build.0 = Release|Any CPU
		{9E623ADE-B634-4BE5-AEB5-3543F08CCC5B}.Release|x64.ActiveCfg = Release|Any CPU
		{9E623ADE-B634-4BE5-AEB5-3543F08CCC5B}.Release|x64.Build.0 = Release|Any CPU
		{9E623ADE-B634-4BE5-AEB5-3543F08CCC5B}.Release|x86.ActiveCfg = Release|Any CPU
		{9E623ADE-B634-4BE5-AEB5-3543F08CCC5B}.Release|x86.Build.0 = Release|Any CPU
		{86A7ECEC-4EA9-4FA8-AF07-4D4B9A5E3CD4}.Debug|Any CPU.ActiveCfg = Debug|Any CPU
		{86A7ECEC-4EA9-4FA8-AF07-4D4B9A5E3CD4}.Debug|Any CPU.Build.0 = Debug|Any CPU
		{86A7ECEC-4EA9-4FA8-AF07-4D4B9A5E3CD4}.Debug|x64.ActiveCfg = Debug|Any CPU
		{86A7ECEC-4EA9-4FA8-AF07-4D4B9A5E3CD4}.Debug|x64.Build.0 = Debug|Any CPU
		{86A7ECEC-4EA9-4FA8-AF07-4D4B9A5E3CD4}.Debug|x86.ActiveCfg = Debug|Any CPU
		{86A7ECEC-4EA9-4FA8-AF07-4D4B9A5E3CD4}.Debug|x86.Build.0 = Debug|Any CPU
		{86A7ECEC-4EA9-4FA8-AF07-4D4B9A5E3CD4}.Release|Any CPU.ActiveCfg = Release|Any CPU
		{86A7ECEC-4EA9-4FA8-AF07-4D4B9A5E3CD4}.Release|Any CPU.Build.0 = Release|Any CPU
		{86A7ECEC-4EA9-4FA8-AF07-4D4B9A5E3CD4}.Release|x64.ActiveCfg = Release|Any CPU
		{86A7ECEC-4EA9-4FA8-AF07-4D4B9A5E3CD4}.Release|x64.Build.0 = Release|Any CPU
		{86A7ECEC-4EA9-4FA8-AF07-4D4B9A5E3CD4}.Release|x86.ActiveCfg = Release|Any CPU
		{86A7ECEC-4EA9-4FA8-AF07-4D4B9A5E3CD4}.Release|x86.Build.0 = Release|Any CPU
		{BA119134-A2E8-4165-B38A-65EE43F6070C}.Debug|Any CPU.ActiveCfg = Debug|Any CPU
		{BA119134-A2E8-4165-B38A-65EE43F6070C}.Debug|Any CPU.Build.0 = Debug|Any CPU
		{BA119134-A2E8-4165-B38A-65EE43F6070C}.Debug|x64.ActiveCfg = Debug|Any CPU
		{BA119134-A2E8-4165-B38A-65EE43F6070C}.Debug|x64.Build.0 = Debug|Any CPU
		{BA119134-A2E8-4165-B38A-65EE43F6070C}.Debug|x86.ActiveCfg = Debug|Any CPU
		{BA119134-A2E8-4165-B38A-65EE43F6070C}.Debug|x86.Build.0 = Debug|Any CPU
		{BA119134-A2E8-4165-B38A-65EE43F6070C}.Release|Any CPU.ActiveCfg = Release|Any CPU
		{BA119134-A2E8-4165-B38A-65EE43F6070C}.Release|Any CPU.Build.0 = Release|Any CPU
		{BA119134-A2E8-4165-B38A-65EE43F6070C}.Release|x64.ActiveCfg = Release|Any CPU
		{BA119134-A2E8-4165-B38A-65EE43F6070C}.Release|x64.Build.0 = Release|Any CPU
		{BA119134-A2E8-4165-B38A-65EE43F6070C}.Release|x86.ActiveCfg = Release|Any CPU
		{BA119134-A2E8-4165-B38A-65EE43F6070C}.Release|x86.Build.0 = Release|Any CPU
	EndGlobalSection
	GlobalSection(SolutionProperties) = preSolution
		HideSolutionNode = FALSE
	EndGlobalSection
	GlobalSection(NestedProjects) = preSolution
		{974C23F3-A63D-479E-A1CD-7657A2822ACB} = {CEF5CE51-FB33-4634-A168-7CAD4505FFF6}
		{9A04D222-2B52-4E93-9B92-CC6EF54D5848} = {CEF5CE51-FB33-4634-A168-7CAD4505FFF6}
		{844232DB-E29B-4608-BB1E-A64D541DF107} = {CEF5CE51-FB33-4634-A168-7CAD4505FFF6}
		{D3C41078-CAE0-4581-B246-91343817E59C} = {CEF5CE51-FB33-4634-A168-7CAD4505FFF6}
		{F68915F3-6D08-4171-9E66-7BEB6B1D3C30} = {CEF5CE51-FB33-4634-A168-7CAD4505FFF6}
		{9E623ADE-B634-4BE5-AEB5-3543F08CCC5B} = {CEF5CE51-FB33-4634-A168-7CAD4505FFF6}
		{86A7ECEC-4EA9-4FA8-AF07-4D4B9A5E3CD4} = {CEF5CE51-FB33-4634-A168-7CAD4505FFF6}
		{BA119134-A2E8-4165-B38A-65EE43F6070C} = {CEF5CE51-FB33-4634-A168-7CAD4505FFF6}
	EndGlobalSection
	GlobalSection(ExtensibilityGlobals) = postSolution
		SolutionGuid = {CD39B382-7E64-41EF-A56E-9C42E39D784F}
	EndGlobalSection
EndGlobal
