
Microsoft Visual Studio Solution File, Format Version 12.00
# Visual Studio Version 17
VisualStudioVersion = 17.14.36327.8 d17.14
MinimumVisualStudioVersion = 10.0.40219.1
Project("{FAE04EC0-301F-11D3-BF4B-00C04F79EFBC}") = "BlazorQuickGridExample", "BlazorQuickGridExample\BlazorQuickGridExample.csproj", "{5484C914-DED2-49D6-88BA-A7464665EFAA}"
EndProject
Global
	GlobalSection(SolutionConfigurationPlatforms) = preSolution
		Debug|Any CPU = Debug|Any CPU
		Release|Any CPU = Release|Any CPU
	EndGlobalSection
	GlobalSection(ProjectConfigurationPlatforms) = postSolution
		{5484C914-DED2-49D6-88BA-A7464665EFAA}.Debug|Any CPU.ActiveCfg = Debug|Any CPU
		{5484C914-DED2-49D6-88BA-A7464665EFAA}.Debug|Any CPU.Build.0 = Debug|Any CPU
		{5484C914-DED2-49D6-88BA-A7464665EFAA}.Release|Any CPU.ActiveCfg = Release|Any CPU
		{5484C914-DED2-49D6-88BA-A7464665EFAA}.Release|Any CPU.Build.0 = Release|Any CPU
	EndGlobalSection
	GlobalSection(SolutionProperties) = preSolution
		HideSolutionNode = FALSE
	EndGlobalSection
	GlobalSection(ExtensibilityGlobals) = postSolution
		SolutionGuid = {B17C707E-CDE2-4EDF-94D3-3DD804E8A651}
	EndGlobalSection
EndGlobal
